
Microsoft Visual Studio Solution File, Format Version 12.00
# Visual Studio 14
VisualStudioVersion = 14.0.23107.0
MinimumVisualStudioVersion = 10.0.40219.1
Project("{FAE04EC0-301F-11D3-BF4B-00C04F79EFBC}") = "FindEnLejlighed.Executer", "FindEnLejlighed.Executer\FindEnLejlighed.Executer.csproj", "{355D0B4D-AEC8-44F2-A1C7-F3A74D2E4557}"
EndProject
Project("{FAE04EC0-301F-11D3-BF4B-00C04F79EFBC}") = "FindEnLejlighed.Services", "FindEnLejlighed.Services\FindEnLejlighed.Services.csproj", "{C52EB5AA-A1C1-4752-82F9-2BEACF4DB305}"
EndProject
Global
	GlobalSection(SolutionConfigurationPlatforms) = preSolution
		Debug|Any CPU = Debug|Any CPU
		Release|Any CPU = Release|Any CPU
	EndGlobalSection
	GlobalSection(ProjectConfigurationPlatforms) = postSolution
		{355D0B4D-AEC8-44F2-A1C7-F3A74D2E4557}.Debug|Any CPU.ActiveCfg = Debug|Any CPU
		{355D0B4D-AEC8-44F2-A1C7-F3A74D2E4557}.Debug|Any CPU.Build.0 = Debug|Any CPU
		{355D0B4D-AEC8-44F2-A1C7-F3A74D2E4557}.Release|Any CPU.ActiveCfg = Release|Any CPU
		{355D0B4D-AEC8-44F2-A1C7-F3A74D2E4557}.Release|Any CPU.Build.0 = Release|Any CPU
		{C52EB5AA-A1C1-4752-82F9-2BEACF4DB305}.Debug|Any CPU.ActiveCfg = Debug|Any CPU
		{C52EB5AA-A1C1-4752-82F9-2BEACF4DB305}.Debug|Any CPU.Build.0 = Debug|Any CPU
		{C52EB5AA-A1C1-4752-82F9-2BEACF4DB305}.Release|Any CPU.ActiveCfg = Release|Any CPU
		{C52EB5AA-A1C1-4752-82F9-2BEACF4DB305}.Release|Any CPU.Build.0 = Release|Any CPU
	EndGlobalSection
	GlobalSection(SolutionProperties) = preSolution
		HideSolutionNode = FALSE
	EndGlobalSection
EndGlobal
